
Microsoft Visual Studio Solution File, Format Version 12.00
# Visual Studio Version 17
VisualStudioVersion = 17.0.31903.59
MinimumVisualStudioVersion = 10.0.40219.1
Project("{2150E333-8FDC-42A3-9474-1A3956D46DE8}") = "src", "src", "{29B9785C-C2FA-4324-9225-277281AC2C4D}"
EndProject
Project("{FAE04EC0-301F-11D3-BF4B-00C04F79EFBC}") = "Catalog.Core", "src\Catalog.Core\Catalog.Core.csproj", "{AF5DA97A-AADA-4010-9551-EA5E89FA8286}"
EndProject
Project("{FAE04EC0-301F-11D3-BF4B-00C04F79EFBC}") = "Catalog.Api", "src\Catalog.Api\Catalog.Api.csproj", "{F5AA0AF1-3188-4D17-AA1C-521938379C5A}"
EndProject
Global
	GlobalSection(SolutionConfigurationPlatforms) = preSolution
		Debug|Any CPU = Debug|Any CPU
		Release|Any CPU = Release|Any CPU
	EndGlobalSection
	GlobalSection(SolutionProperties) = preSolution
		HideSolutionNode = FALSE
	EndGlobalSection
	GlobalSection(ProjectConfigurationPlatforms) = postSolution
		{AF5DA97A-AADA-4010-9551-EA5E89FA8286}.Debug|Any CPU.ActiveCfg = Debug|Any CPU
		{AF5DA97A-AADA-4010-9551-EA5E89FA8286}.Debug|Any CPU.Build.0 = Debug|Any CPU
		{AF5DA97A-AADA-4010-9551-EA5E89FA8286}.Release|Any CPU.ActiveCfg = Release|Any CPU
		{AF5DA97A-AADA-4010-9551-EA5E89FA8286}.Release|Any CPU.Build.0 = Release|Any CPU
		{F5AA0AF1-3188-4D17-AA1C-521938379C5A}.Debug|Any CPU.ActiveCfg = Debug|Any CPU
		{F5AA0AF1-3188-4D17-AA1C-521938379C5A}.Debug|Any CPU.Build.0 = Debug|Any CPU
		{F5AA0AF1-3188-4D17-AA1C-521938379C5A}.Release|Any CPU.ActiveCfg = Release|Any CPU
		{F5AA0AF1-3188-4D17-AA1C-521938379C5A}.Release|Any CPU.Build.0 = Release|Any CPU
	EndGlobalSection
	GlobalSection(NestedProjects) = preSolution
		{AF5DA97A-AADA-4010-9551-EA5E89FA8286} = {29B9785C-C2FA-4324-9225-277281AC2C4D}
		{F5AA0AF1-3188-4D17-AA1C-521938379C5A} = {29B9785C-C2FA-4324-9225-277281AC2C4D}
	EndGlobalSection
EndGlobal
